
Microsoft Visual Studio Solution File, Format Version 12.00
# Visual Studio 15
VisualStudioVersion = 15.0.28010.2046
MinimumVisualStudioVersion = 10.0.40219.1
Project("{FAE04EC0-301F-11D3-BF4B-00C04F79EFBC}") = "MyQQ", "MyQQ\MyQQ.csproj", "{FBEA05D0-A4CD-48A0-B841-1FDA5C3DDE0B}"
EndProject
Global
	GlobalSection(SolutionConfigurationPlatforms) = preSolution
		Debug|Any CPU = Debug|Any CPU
		Release|Any CPU = Release|Any CPU
	EndGlobalSection
	GlobalSection(ProjectConfigurationPlatforms) = postSolution
		{FBEA05D0-A4CD-48A0-B841-1FDA5C3DDE0B}.Debug|Any CPU.ActiveCfg = Debug|Any CPU
		{FBEA05D0-A4CD-48A0-B841-1FDA5C3DDE0B}.Debug|Any CPU.Build.0 = Debug|Any CPU
		{FBEA05D0-A4CD-48A0-B841-1FDA5C3DDE0B}.Release|Any CPU.ActiveCfg = Release|Any CPU
		{FBEA05D0-A4CD-48A0-B841-1FDA5C3DDE0B}.Release|Any CPU.Build.0 = Release|Any CPU
	EndGlobalSection
	GlobalSection(SolutionProperties) = preSolution
		HideSolutionNode = FALSE
	EndGlobalSection
	GlobalSection(ExtensibilityGlobals) = postSolution
		SolutionGuid = {A68A4F18-96D7-4A69-B1CD-25EDFB3C9114}
	EndGlobalSection
EndGlobal
